// !$*UTF8*$!
{
	archiveVersion = 1;
	classes = {
	};
	objectVersion = 50;
	objects = {

/* Begin PBXBuildFile section */
		0C5D72C3276A0FD7009E225B /* main.cpp in Sources */ = {isa = PBXBuildFile; fileRef = 0C5D72C2276A0FD7009E225B /* main.cpp */; };
		0C5D72D1276A1013009E225B /* ThreadModel.cpp in Sources */ = {isa = PBXBuildFile; fileRef = 0C5D72CB276A1013009E225B /* ThreadModel.cpp */; };
		0C5D72D2276A1013009E225B /* AVLNode.cpp in Sources */ = {isa = PBXBuildFile; fileRef = 0C5D72CF276A1013009E225B /* AVLNode.cpp */; };
		0C5D72D3276A1013009E225B /* AVLTree.cpp in Sources */ = {isa = PBXBuildFile; fileRef = 0C5D72D0276A1013009E225B /* AVLTree.cpp */; };
/* End PBXBuildFile section */

/* Begin PBXCopyFilesBuildPhase section */
		0C5D72BD276A0FD7009E225B /* CopyFiles */ = {
			isa = PBXCopyFilesBuildPhase;
			buildActionMask = 2147483647;
			dstPath = /usr/share/man/man1/;
			dstSubfolderSpec = 0;
			files = (
			);
			runOnlyForDeploymentPostprocessing = 1;
		};
/* End PBXCopyFilesBuildPhase section */

/* Begin PBXFileReference section */
		0C5D72BF276A0FD7009E225B /* BalancedBinaryTree */ = {isa = PBXFileReference; explicitFileType = "compiled.mach-o.executable"; includeInIndex = 0; path = BalancedBinaryTree; sourceTree = BUILT_PRODUCTS_DIR; };
		0C5D72C2276A0FD7009E225B /* main.cpp */ = {isa = PBXFileReference; lastKnownFileType = sourcecode.cpp.cpp; path = main.cpp; sourceTree = "<group>"; };
		0C5D72CA276A1013009E225B /* ThreadModel.hpp */ = {isa = PBXFileReference; fileEncoding = 4; lastKnownFileType = sourcecode.cpp.h; path = ThreadModel.hpp; sourceTree = "<group>"; };
		0C5D72CB276A1013009E225B /* ThreadModel.cpp */ = {isa = PBXFileReference; fileEncoding = 4; lastKnownFileType = sourcecode.cpp.cpp; path = ThreadModel.cpp; sourceTree = "<group>"; };
		0C5D72CD276A1013009E225B /* AVLNode.hpp */ = {isa = PBXFileReference; fileEncoding = 4; lastKnownFileType = sourcecode.cpp.h; path = AVLNode.hpp; sourceTree = "<group>"; };
		0C5D72CE276A1013009E225B /* AVLTree.hpp */ = {isa = PBXFileReference; fileEncoding = 4; lastKnownFileType = sourcecode.cpp.h; path = AVLTree.hpp; sourceTree = "<group>"; };
		0C5D72CF276A1013009E225B /* AVLNode.cpp */ = {isa = PBXFileReference; fileEncoding = 4; lastKnownFileType = sourcecode.cpp.cpp; path = AVLNode.cpp; sourceTree = "<group>"; };
		0C5D72D0276A1013009E225B /* AVLTree.cpp */ = {isa = PBXFileReference; fileEncoding = 4; lastKnownFileType = sourcecode.cpp.cpp; path = AVLTree.cpp; sourceTree = "<group>"; };
/* End PBXFileReference section */

/* Begin PBXFrameworksBuildPhase section */
		0C5D72BC276A0FD7009E225B /* Frameworks */ = {
			isa = PBXFrameworksBuildPhase;
			buildActionMask = 2147483647;
			files = (
			);
			runOnlyForDeploymentPostprocessing = 0;
		};
/* End PBXFrameworksBuildPhase section */

/* Begin PBXGroup section */
		0C5D72B6276A0FD7009E225B = {
			isa = PBXGroup;
			children = (
				0C5D72C1276A0FD7009E225B /* BalancedBinaryTree */,
				0C5D72C0276A0FD7009E225B /* Products */,
			);
			sourceTree = "<group>";
		};
		0C5D72C0276A0FD7009E225B /* Products */ = {
			isa = PBXGroup;
			children = (
				0C5D72BF276A0FD7009E225B /* BalancedBinaryTree */,
			);
			name = Products;
			sourceTree = "<group>";
		};
		0C5D72C1276A0FD7009E225B /* BalancedBinaryTree */ = {
			isa = PBXGroup;
			children = (
				0C5D72C2276A0FD7009E225B /* main.cpp */,
				0C5D72CC276A1013009E225B /* AVLTree */,
				0C5D72CA276A1013009E225B /* ThreadModel.hpp */,
				0C5D72CB276A1013009E225B /* ThreadModel.cpp */,
			);
			path = BalancedBinaryTree;
			sourceTree = "<group>";
		};
		0C5D72CC276A1013009E225B /* AVLTree */ = {
			isa = PBXGroup;
			children = (
				0C5D72CE276A1013009E225B /* AVLTree.hpp */,
				0C5D72D0276A1013009E225B /* AVLTree.cpp */,
				0C5D72CD276A1013009E225B /* AVLNode.hpp */,
				0C5D72CF276A1013009E225B /* AVLNode.cpp */,
			);
			path = AVLTree;
			sourceTree = "<group>";
		};
/* End PBXGroup section */

/* Begin PBXNativeTarget section */
		0C5D72BE276A0FD7009E225B /* BalancedBinaryTree */ = {
			isa = PBXNativeTarget;
			buildConfigurationList = 0C5D72C6276A0FD7009E225B /* Build configuration list for PBXNativeTarget "BalancedBinaryTree" */;
			buildPhases = (
				0C5D72BB276A0FD7009E225B /* Sources */,
				0C5D72BC276A0FD7009E225B /* Frameworks */,
				0C5D72BD276A0FD7009E225B /* CopyFiles */,
			);
			buildRules = (
			);
			dependencies = (
			);
			name = BalancedBinaryTree;
			productName = BalancedBinaryTree;
			productReference = 0C5D72BF276A0FD7009E225B /* BalancedBinaryTree */;
			productType = "com.apple.product-type.tool";
		};
/* End PBXNativeTarget section */

/* Begin PBXProject section */
		0C5D72B7276A0FD7009E225B /* Project object */ = {
			isa = PBXProject;
			attributes = {
				LastUpgradeCheck = 1230;
				TargetAttributes = {
					0C5D72BE276A0FD7009E225B = {
						CreatedOnToolsVersion = 12.3;
					};
				};
			};
			buildConfigurationList = 0C5D72BA276A0FD7009E225B /* Build configuration list for PBXProject "BalancedBinaryTree" */;
			compatibilityVersion = "Xcode 9.3";
			developmentRegion = en;
			hasScannedForEncodings = 0;
			knownRegions = (
				en,
				Base,
			);
			mainGroup = 0C5D72B6276A0FD7009E225B;
			productRefGroup = 0C5D72C0276A0FD7009E225B /* Products */;
			projectDirPath = "";
			projectRoot = "";
			targets = (
				0C5D72BE276A0FD7009E225B /* BalancedBinaryTree */,
			);
		};
/* End PBXProject section */

/* Begin PBXSourcesBuildPhase section */
		0C5D72BB276A0FD7009E225B /* Sources */ = {
			isa = PBXSourcesBuildPhase;
			buildActionMask = 2147483647;
			files = (
				0C5D72C3276A0FD7009E225B /* main.cpp in Sources */,
				0C5D72D2276A1013009E225B /* AVLNode.cpp in Sources */,
				0C5D72D1276A1013009E225B /* ThreadModel.cpp in Sources */,
				0C5D72D3276A1013009E225B /* AVLTree.cpp in Sources */,
			);
			runOnlyForDeploymentPostprocessing = 0;
		};
/* End PBXSourcesBuildPhase section */

/* Begin XCBuildConfiguration section */
		0C5D72C4276A0FD7009E225B /* Debug */ = {
			isa = XCBuildConfiguration;
			buildSettings = {
				ALWAYS_SEARCH_USER_PATHS = NO;
				CLANG_ANALYZER_NONNULL = YES;
				CLANG_ANALYZER_NUMBER_OBJECT_CONVERSION = YES_AGGRESSIVE;
				CLANG_CXX_LANGUAGE_STANDARD = "gnu++14";
				CLANG_CXX_LIBRARY = "libc++";
				CLANG_ENABLE_MODULES = YES;
				CLANG_ENABLE_OBJC_ARC = YES;
				CLANG_ENABLE_OBJC_WEAK = YES;
				CLANG_WARN_BLOCK_CAPTURE_AUTORELEASING = YES;
				CLANG_WARN_BOOL_CONVERSION = YES;
				CLANG_WARN_COMMA = YES;
				CLANG_WARN_CONSTANT_CONVERSION = YES;
				CLANG_WARN_DEPRECATED_OBJC_IMPLEMENTATIONS = YES;
				CLANG_WARN_DIRECT_OBJC_ISA_USAGE = YES_ERROR;
				CLANG_WARN_DOCUMENTATION_COMMENTS = YES;
				CLANG_WARN_EMPTY_BODY = YES;
				CLANG_WARN_ENUM_CONVERSION = YES;
				CLANG_WARN_INFINITE_RECURSION = YES;
				CLANG_WARN_INT_CONVERSION = YES;
				CLANG_WARN_NON_LITERAL_NULL_CONVERSION = YES;
				CLANG_WARN_OBJC_IMPLICIT_RETAIN_SELF = YES;
				CLANG_WARN_OBJC_LITERAL_CONVERSION = YES;
				CLANG_WARN_OBJC_ROOT_CLASS = YES_ERROR;
				CLANG_WARN_QUOTED_INCLUDE_IN_FRAMEWORK_HEADER = YES;
				CLANG_WARN_RANGE_LOOP_ANALYSIS = YES;
				CLANG_WARN_STRICT_PROTOTYPES = YES;
				CLANG_WARN_SUSPICIOUS_MOVE = YES;
				CLANG_WARN_UNGUARDED_AVAILABILITY = YES_AGGRESSIVE;
				CLANG_WARN_UNREACHABLE_CODE = YES;
				CLANG_WARN__DUPLICATE_METHOD_MATCH = YES;
				COPY_PHASE_STRIP = NO;
				DEBUG_INFORMATION_FORMAT = dwarf;
				ENABLE_STRICT_OBJC_MSGSEND = YES;
				ENABLE_TESTABILITY = YES;
				GCC_C_LANGUAGE_STANDARD = gnu11;
				GCC_DYNAMIC_NO_PIC = NO;
				GCC_NO_COMMON_BLOCKS = YES;
				GCC_OPTIMIZATION_LEVEL = 0;
				GCC_PREPROCESSOR_DEFINITIONS = (
					"DEBUG=1",
					"$(inherited)",
				);
				GCC_WARN_64_TO_32_BIT_CONVERSION = YES;
				GCC_WARN_ABOUT_RETURN_TYPE = YES_ERROR;
				GCC_WARN_UNDECLARED_SELECTOR = YES;
				GCC_WARN_UNINITIALIZED_AUTOS = YES_AGGRESSIVE;
				GCC_WARN_UNUSED_FUNCTION = YES;
				GCC_WARN_UNUSED_VARIABLE = YES;
				MACOSX_DEPLOYMENT_TARGET = 10.15;
				MTL_ENABLE_DEBUG_INFO = INCLUDE_SOURCE;
				MTL_FAST_MATH = YES;
				ONLY_ACTIVE_ARCH = YES;
				SDKROOT = macosx;
			};
			name = Debug;
		};
		0C5D72C5276A0FD7009E225B /* Release */ = {
			isa = XCBuildConfiguration;
			buildSettings = {
				ALWAYS_SEARCH_USER_PATHS = NO;
				CLANG_ANALYZER_NONNULL = YES;
				CLANG_ANALYZER_NUMBER_OBJECT_CONVERSION = YES_AGGRESSIVE;
				CLANG_CXX_LANGUAGE_STANDARD = "gnu++14";
				CLANG_CXX_LIBRARY = "libc++";
				CLANG_ENABLE_MODULES = YES;
				CLANG_ENABLE_OBJC_ARC = YES;
				CLANG_ENABLE_OBJC_WEAK = YES;
				CLANG_WARN_BLOCK_CAPTURE_AUTORELEASING = YES;
				CLANG_WARN_BOOL_CONVERSION = YES;
				CLANG_WARN_COMMA = YES;
				CLANG_WARN_CONSTANT_CONVERSION = YES;
				CLANG_WARN_DEPRECATED_OBJC_IMPLEMENTATIONS = YES;
				CLANG_WARN_DIRECT_OBJC_ISA_USAGE = YES_ERROR;
				CLANG_WARN_DOCUMENTATION_COMMENTS = YES;
				CLANG_WARN_EMPTY_BODY = YES;
				CLANG_WARN_ENUM_CONVERSION = YES;
				CLANG_WARN_INFINITE_RECURSION = YES;
				CLANG_WARN_INT_CONVERSION = YES;
				CLANG_WARN_NON_LITERAL_NULL_CONVERSION = YES;
				CLANG_WARN_OBJC_IMPLICIT_RETAIN_SELF = YES;
				CLANG_WARN_OBJC_LITERAL_CONVERSION = YES;
				CLANG_WARN_OBJC_ROOT_CLASS = YES_ERROR;
				CLANG_WARN_QUOTED_INCLUDE_IN_FRAMEWORK_HEADER = YES;
				CLANG_WARN_RANGE_LOOP_ANALYSIS = YES;
				CLANG_WARN_STRICT_PROTOTYPES = YES;
				CLANG_WARN_SUSPICIOUS_MOVE = YES;
				CLANG_WARN_UNGUARDED_AVAILABILITY = YES_AGGRESSIVE;
				CLANG_WARN_UNREACHABLE_CODE = YES;
				CLANG_WARN__DUPLICATE_METHOD_MATCH = YES;
				COPY_PHASE_STRIP = NO;
				DEBUG_INFORMATION_FORMAT = "dwarf-with-dsym";
				ENABLE_NS_ASSERTIONS = NO;
				ENABLE_STRICT_OBJC_MSGSEND = YES;
				GCC_C_LANGUAGE_STANDARD = gnu11;
				GCC_NO_COMMON_BLOCKS = YES;
				GCC_WARN_64_TO_32_BIT_CONVERSION = YES;
				GCC_WARN_ABOUT_RETURN_TYPE = YES_ERROR;
				GCC_WARN_UNDECLARED_SELECTOR = YES;
				GCC_WARN_UNINITIALIZED_AUTOS = YES_AGGRESSIVE;
				GCC_WARN_UNUSED_FUNCTION = YES;
				GCC_WARN_UNUSED_VARIABLE = YES;
				MACOSX_DEPLOYMENT_TARGET = 10.15;
				MTL_ENABLE_DEBUG_INFO = NO;
				MTL_FAST_MATH = YES;
				SDKROOT = macosx;
			};
			name = Release;
		};
		0C5D72C7276A0FD7009E225B /* Debug */ = {
			isa = XCBuildConfiguration;
			buildSettings = {
				CODE_SIGN_STYLE = Automatic;
				DEVELOPMENT_TEAM = 2WTU4B96ZW;
				ENABLE_HARDENED_RUNTIME = YES;
				PRODUCT_NAME = "$(TARGET_NAME)";
			};
			name = Debug;
		};
		0C5D72C8276A0FD7009E225B /* Release */ = {
			isa = XCBuildConfiguration;
			buildSettings = {
				CODE_SIGN_STYLE = Automatic;
				DEVELOPMENT_TEAM = 2WTU4B96ZW;
				ENABLE_HARDENED_RUNTIME = YES;
				PRODUCT_NAME = "$(TARGET_NAME)";
			};
			name = Release;
		};
/* End XCBuildConfiguration section */

/* Begin XCConfigurationList section */
		0C5D72BA276A0FD7009E225B /* Build configuration list for PBXProject "BalancedBinaryTree" */ = {
			isa = XCConfigurationList;
			buildConfigurations = (
				0C5D72C4276A0FD7009E225B /* Debug */,
				0C5D72C5276A0FD7009E225B /* Release */,
			);
			defaultConfigurationIsVisible = 0;
			defaultConfigurationName = Release;
		};
		0C5D72C6276A0FD7009E225B /* Build configuration list for PBXNativeTarget "BalancedBinaryTree" */ = {
			isa = XCConfigurationList;
			buildConfigurations = (
				0C5D72C7276A0FD7009E225B /* Debug */,
				0C5D72C8276A0FD7009E225B /* Release */,
			);
			defaultConfigurationIsVisible = 0;
			defaultConfigurationName = Release;
		};
/* End XCConfigurationList section */
	};
	rootObject = 0C5D72B7276A0FD7009E225B /* Project object */;
}
